{
  "name": "reinstall-test-fixture",
  "version": "1.0.0",
  "lockfileVersion": 1,
  "requires": true,
  "dependencies": {
    "@alorel-personal/empty-pkg": {
      "version": "1.0.0",
      "resolved": "https://registry.npmjs.org/@alorel-personal/empty-pkg/-/empty-pkg-1.0.0.tgz",
      "integrity": "sha512-xX8vQ9i7EKzLPWyfR/tSUcTaImvthxlvMto0ivy98stlfbak+KccrssKP7hcjsOS82fliINWAmiOps4iDrct2w=="
    }
  }
}
