# THIS IS AN AUTOGENERATED FILE. DO NOT EDIT THIS FILE DIRECTLY.
# yarn lockfile v1


"@alorel-personal/empty-pkg@^1.0.0":
  version "1.0.0"
  resolved "https://registry.yarnpkg.com/@alorel-personal/empty-pkg/-/empty-pkg-1.0.0.tgz#fdfdc2c241d97e8f2f0d2381114c72cb7346b817"
  integrity sha512-xX8vQ9i7EKzLPWyfR/tSUcTaImvthxlvMto0ivy98stlfbak+KccrssKP7hcjsOS82fliINWAmiOps4iDrct2w==
